{
  "compatibility": {
    "compute_capability_min": null,
    "cuda_min": null
  },
  "environment": {
    "elixir_version": "1.18.4",
    "generator_hash": "79886ffdbf8011c74b010a281617d713dd8799618d19ca3020def9d89664073e",
    "hardware": {
      "accelerator": "cpu",
      "cpu_features": [
        "pclmul",
        "ssse3",
        "fma",
        "sse4_1",
        "sse4_2",
        "aes",
        "avx",
        "f16c",
        "avx2"
      ],
      "gpu_count": 0
    },
    "otp_version": "28",
    "platform": {
      "arch": "x86_64",
      "os": "linux"
    },
    "python_packages_hash": "sha256:9c3a452db43d30d0f3b2a489ed870b18ac04a848047629e4c52872100098de8c",
    "python_platform": "x86_64-pc-linux-gnu",
    "python_runtime_hash": "df2bb64c335c6096abfe779d140288d2ff1f66d033f7472986e3032854e5c9ee",
    "python_version": "3.12.3",
    "snakebridge_version": "0.14.0"
  },
  "libraries": {
    "dspy": {
      "config_hash": "b85f364e865272afe8f29d657ac5eefbd06cfaf68480813cc020f2c282edddf5",
      "hash": null,
      "requested": "3.1.2",
      "resolved": "3.1.2"
    }
  },
  "python_packages": {
    "dspy": {
      "version": "3.1.2",
      "hash": null
    }
  },
  "version": "0.14.0"
}