{
  "compatibility": {
    "compute_capability_min": null,
    "cuda_min": null
  },
  "environment": {
    "elixir_version": "1.18.4",
    "generator_hash": "b42fe11f5e562e661535f7df00ee90c76624920d03cf35f9fbca687ac22b0c0f",
    "hardware": {
      "accelerator": "cpu",
      "cpu_features": [
        "pclmul",
        "ssse3",
        "fma",
        "sse4_1",
        "sse4_2",
        "aes",
        "avx",
        "f16c",
        "avx2"
      ],
      "gpu_count": 0
    },
    "otp_version": "28",
    "platform": {
      "arch": "x86_64",
      "os": "linux"
    },
    "python_packages_hash": "sha256:9c3a452db43d30d0f3b2a489ed870b18ac04a848047629e4c52872100098de8c",
    "python_platform": "x86_64-pc-linux-gnu",
    "python_runtime_hash": "c2c20b4745d447551221ec3d4e70f92c270c4609fe3df34fc52ea6dd46e92273",
    "python_version": "3.12.3",
    "snakebridge_version": "0.16.0"
  },
  "libraries": {
    "dspy": {
      "config_hash": "dea3e2c620dffcea9d5436682ab63c09d2ec6d4416d8264f5e2708019e39354a",
      "hash": null,
      "requested": "3.1.2",
      "resolved": "3.1.2"
    }
  },
  "python_packages": {
    "dspy": {
      "version": "3.1.2",
      "hash": null
    }
  },
  "version": "0.16.0"
}